
Microsoft Visual Studio Solution File, Format Version 12.00
# Visual Studio 15
VisualStudioVersion = 15.0.27004.2002
MinimumVisualStudioVersion = 10.0.40219.1
Project("{FAE04EC0-301F-11D3-BF4B-00C04F79EFBC}") = "SQlite2.Android", "SQlite2\SQlite2.Android\SQlite2.Android.csproj", "{D0EFD866-0442-43B9-A71C-47B2296F65A2}"
EndProject
Project("{FAE04EC0-301F-11D3-BF4B-00C04F79EFBC}") = "SQlite2", "SQlite2\SQlite2\SQlite2.csproj", "{852A0070-F2D8-4291-8A03-3B376E66F3D3}"
EndProject
Project("{FAE04EC0-301F-11D3-BF4B-00C04F79EFBC}") = "SQlite2.UWP", "SQlite2\SQlite2.UWP\SQlite2.UWP.csproj", "{044E8813-FF34-4F35-9C5A-91A35EC2D6E7}"
EndProject
Project("{FAE04EC0-301F-11D3-BF4B-00C04F79EFBC}") = "SQlite2.iOS", "SQlite2\SQlite2.iOS\SQlite2.iOS.csproj", "{464C9E47-2FAC-4C64-90CC-94325732B2D8}"
EndProject
Global
	GlobalSection(SolutionConfigurationPlatforms) = preSolution
		Ad-Hoc|Any CPU = Ad-Hoc|Any CPU
		Ad-Hoc|ARM = Ad-Hoc|ARM
		Ad-Hoc|iPhone = Ad-Hoc|iPhone
		Ad-Hoc|iPhoneSimulator = Ad-Hoc|iPhoneSimulator
		Ad-Hoc|x64 = Ad-Hoc|x64
		Ad-Hoc|x86 = Ad-Hoc|x86
		AppStore|Any CPU = AppStore|Any CPU
		AppStore|ARM = AppStore|ARM
		AppStore|iPhone = AppStore|iPhone
		AppStore|iPhoneSimulator = AppStore|iPhoneSimulator
		AppStore|x64 = AppStore|x64
		AppStore|x86 = AppStore|x86
		Debug|Any CPU = Debug|Any CPU
		Debug|ARM = Debug|ARM
		Debug|iPhone = Debug|iPhone
		Debug|iPhoneSimulator = Debug|iPhoneSimulator
		Debug|x64 = Debug|x64
		Debug|x86 = Debug|x86
		Release|Any CPU = Release|Any CPU
		Release|ARM = Release|ARM
		Release|iPhone = Release|iPhone
		Release|iPhoneSimulator = Release|iPhoneSimulator
		Release|x64 = Release|x64
		Release|x86 = Release|x86
	EndGlobalSection
	GlobalSection(ProjectConfigurationPlatforms) = postSolution
		{D0EFD866-0442-43B9-A71C-47B2296F65A2}.Ad-Hoc|Any CPU.ActiveCfg = Release|Any CPU
		{D0EFD866-0442-43B9-A71C-47B2296F65A2}.Ad-Hoc|Any CPU.Build.0 = Release|Any CPU
		{D0EFD866-0442-43B9-A71C-47B2296F65A2}.Ad-Hoc|Any CPU.Deploy.0 = Release|Any CPU
		{D0EFD866-0442-43B9-A71C-47B2296F65A2}.Ad-Hoc|ARM.ActiveCfg = Release|Any CPU
		{D0EFD866-0442-43B9-A71C-47B2296F65A2}.Ad-Hoc|ARM.Build.0 = Release|Any CPU
		{D0EFD866-0442-43B9-A71C-47B2296F65A2}.Ad-Hoc|ARM.Deploy.0 = Release|Any CPU
		{D0EFD866-0442-43B9-A71C-47B2296F65A2}.Ad-Hoc|iPhone.ActiveCfg = Release|Any CPU
		{D0EFD866-0442-43B9-A71C-47B2296F65A2}.Ad-Hoc|iPhone.Build.0 = Release|Any CPU
		{D0EFD866-0442-43B9-A71C-47B2296F65A2}.Ad-Hoc|iPhone.Deploy.0 = Release|Any CPU
		{D0EFD866-0442-43B9-A71C-47B2296F65A2}.Ad-Hoc|iPhoneSimulator.ActiveCfg = Release|Any CPU
		{D0EFD866-0442-43B9-A71C-47B2296F65A2}.Ad-Hoc|iPhoneSimulator.Build.0 = Release|Any CPU
		{D0EFD866-0442-43B9-A71C-47B2296F65A2}.Ad-Hoc|iPhoneSimulator.Deploy.0 = Release|Any CPU
		{D0EFD866-0442-43B9-A71C-47B2296F65A2}.Ad-Hoc|x64.ActiveCfg = Release|Any CPU
		{D0EFD866-0442-43B9-A71C-47B2296F65A2}.Ad-Hoc|x64.Build.0 = Release|Any CPU
		{D0EFD866-0442-43B9-A71C-47B2296F65A2}.Ad-Hoc|x64.Deploy.0 = Release|Any CPU
		{D0EFD866-0442-43B9-A71C-47B2296F65A2}.Ad-Hoc|x86.ActiveCfg = Release|Any CPU
		{D0EFD866-0442-43B9-A71C-47B2296F65A2}.Ad-Hoc|x86.Build.0 = Release|Any CPU
		{D0EFD866-0442-43B9-A71C-47B2296F65A2}.Ad-Hoc|x86.Deploy.0 = Release|Any CPU
		{D0EFD866-0442-43B9-A71C-47B2296F65A2}.AppStore|Any CPU.ActiveCfg = Release|Any CPU
		{D0EFD866-0442-43B9-A71C-47B2296F65A2}.AppStore|Any CPU.Build.0 = Release|Any CPU
		{D0EFD866-0442-43B9-A71C-47B2296F65A2}.AppStore|Any CPU.Deploy.0 = Release|Any CPU
		{D0EFD866-0442-43B9-A71C-47B2296F65A2}.AppStore|ARM.ActiveCfg = Release|Any CPU
		{D0EFD866-0442-43B9-A71C-47B2296F65A2}.AppStore|ARM.Build.0 = Release|Any CPU
		{D0EFD866-0442-43B9-A71C-47B2296F65A2}.AppStore|ARM.Deploy.0 = Release|Any CPU
		{D0EFD866-0442-43B9-A71C-47B2296F65A2}.AppStore|iPhone.ActiveCfg = Release|Any CPU
		{D0EFD866-0442-43B9-A71C-47B2296F65A2}.AppStore|iPhone.Build.0 = Release|Any CPU
		{D0EFD866-0442-43B9-A71C-47B2296F65A2}.AppStore|iPhone.Deploy.0 = Release|Any CPU
		{D0EFD866-0442-43B9-A71C-47B2296F65A2}.AppStore|iPhoneSimulator.ActiveCfg = Release|Any CPU
		{D0EFD866-0442-43B9-A71C-47B2296F65A2}.AppStore|iPhoneSimulator.Build.0 = Release|Any CPU
		{D0EFD866-0442-43B9-A71C-47B2296F65A2}.AppStore|iPhoneSimulator.Deploy.0 = Release|Any CPU
		{D0EFD866-0442-43B9-A71C-47B2296F65A2}.AppStore|x64.ActiveCfg = Release|Any CPU
		{D0EFD866-0442-43B9-A71C-47B2296F65A2}.AppStore|x64.Build.0 = Release|Any CPU
		{D0EFD866-0442-43B9-A71C-47B2296F65A2}.AppStore|x64.Deploy.0 = Release|Any CPU
		{D0EFD866-0442-43B9-A71C-47B2296F65A2}.AppStore|x86.ActiveCfg = Release|Any CPU
		{D0EFD866-0442-43B9-A71C-47B2296F65A2}.AppStore|x86.Build.0 = Release|Any CPU
		{D0EFD866-0442-43B9-A71C-47B2296F65A2}.AppStore|x86.Deploy.0 = Release|Any CPU
		{D0EFD866-0442-43B9-A71C-47B2296F65A2}.Debug|Any CPU.ActiveCfg = Debug|Any CPU
		{D0EFD866-0442-43B9-A71C-47B2296F65A2}.Debug|Any CPU.Build.0 = Debug|Any CPU
		{D0EFD866-0442-43B9-A71C-47B2296F65A2}.Debug|Any CPU.Deploy.0 = Debug|Any CPU
		{D0EFD866-0442-43B9-A71C-47B2296F65A2}.Debug|ARM.ActiveCfg = Debug|Any CPU
		{D0EFD866-0442-43B9-A71C-47B2296F65A2}.Debug|ARM.Build.0 = Debug|Any CPU
		{D0EFD866-0442-43B9-A71C-47B2296F65A2}.Debug|ARM.Deploy.0 = Debug|Any CPU
		{D0EFD866-0442-43B9-A71C-47B2296F65A2}.Debug|iPhone.ActiveCfg = Debug|Any CPU
		{D0EFD866-0442-43B9-A71C-47B2296F65A2}.Debug|iPhone.Build.0 = Debug|Any CPU
		{D0EFD866-0442-43B9-A71C-47B2296F65A2}.Debug|iPhone.Deploy.0 = Debug|Any CPU
		{D0EFD866-0442-43B9-A71C-47B2296F65A2}.Debug|iPhoneSimulator.ActiveCfg = Debug|Any CPU
		{D0EFD866-0442-43B9-A71C-47B2296F65A2}.Debug|iPhoneSimulator.Build.0 = Debug|Any CPU
		{D0EFD866-0442-43B9-A71C-47B2296F65A2}.Debug|iPhoneSimulator.Deploy.0 = Debug|Any CPU
		{D0EFD866-0442-43B9-A71C-47B2296F65A2}.Debug|x64.ActiveCfg = Debug|Any CPU
		{D0EFD866-0442-43B9-A71C-47B2296F65A2}.Debug|x64.Build.0 = Debug|Any CPU
		{D0EFD866-0442-43B9-A71C-47B2296F65A2}.Debug|x64.Deploy.0 = Debug|Any CPU
		{D0EFD866-0442-43B9-A71C-47B2296F65A2}.Debug|x86.ActiveCfg = Debug|Any CPU
		{D0EFD866-0442-43B9-A71C-47B2296F65A2}.Debug|x86.Build.0 = Debug|Any CPU
		{D0EFD866-0442-43B9-A71C-47B2296F65A2}.Debug|x86.Deploy.0 = Debug|Any CPU
		{D0EFD866-0442-43B9-A71C-47B2296F65A2}.Release|Any CPU.ActiveCfg = Release|Any CPU
		{D0EFD866-0442-43B9-A71C-47B2296F65A2}.Release|Any CPU.Build.0 = Release|Any CPU
		{D0EFD866-0442-43B9-A71C-47B2296F65A2}.Release|Any CPU.Deploy.0 = Release|Any CPU
		{D0EFD866-0442-43B9-A71C-47B2296F65A2}.Release|ARM.ActiveCfg = Release|Any CPU
		{D0EFD866-0442-43B9-A71C-47B2296F65A2}.Release|ARM.Build.0 = Release|Any CPU
		{D0EFD866-0442-43B9-A71C-47B2296F65A2}.Release|ARM.Deploy.0 = Release|Any CPU
		{D0EFD866-0442-43B9-A71C-47B2296F65A2}.Release|iPhone.ActiveCfg = Release|Any CPU
		{D0EFD866-0442-43B9-A71C-47B2296F65A2}.Release|iPhone.Build.0 = Release|Any CPU
		{D0EFD866-0442-43B9-A71C-47B2296F65A2}.Release|iPhone.Deploy.0 = Release|Any CPU
		{D0EFD866-0442-43B9-A71C-47B2296F65A2}.Release|iPhoneSimulator.ActiveCfg = Release|Any CPU
		{D0EFD866-0442-43B9-A71C-47B2296F65A2}.Release|iPhoneSimulator.Build.0 = Release|Any CPU
		{D0EFD866-0442-43B9-A71C-47B2296F65A2}.Release|iPhoneSimulator.Deploy.0 = Release|Any CPU
		{D0EFD866-0442-43B9-A71C-47B2296F65A2}.Release|x64.ActiveCfg = Release|Any CPU
		{D0EFD866-0442-43B9-A71C-47B2296F65A2}.Release|x64.Build.0 = Release|Any CPU
		{D0EFD866-0442-43B9-A71C-47B2296F65A2}.Release|x64.Deploy.0 = Release|Any CPU
		{D0EFD866-0442-43B9-A71C-47B2296F65A2}.Release|x86.ActiveCfg = Release|Any CPU
		{D0EFD866-0442-43B9-A71C-47B2296F65A2}.Release|x86.Build.0 = Release|Any CPU
		{D0EFD866-0442-43B9-A71C-47B2296F65A2}.Release|x86.Deploy.0 = Release|Any CPU
		{852A0070-F2D8-4291-8A03-3B376E66F3D3}.Ad-Hoc|Any CPU.ActiveCfg = Release|Any CPU
		{852A0070-F2D8-4291-8A03-3B376E66F3D3}.Ad-Hoc|Any CPU.Build.0 = Release|Any CPU
		{852A0070-F2D8-4291-8A03-3B376E66F3D3}.Ad-Hoc|ARM.ActiveCfg = Release|Any CPU
		{852A0070-F2D8-4291-8A03-3B376E66F3D3}.Ad-Hoc|ARM.Build.0 = Release|Any CPU
		{852A0070-F2D8-4291-8A03-3B376E66F3D3}.Ad-Hoc|iPhone.ActiveCfg = Release|Any CPU
		{852A0070-F2D8-4291-8A03-3B376E66F3D3}.Ad-Hoc|iPhone.Build.0 = Release|Any CPU
		{852A0070-F2D8-4291-8A03-3B376E66F3D3}.Ad-Hoc|iPhoneSimulator.ActiveCfg = Release|Any CPU
		{852A0070-F2D8-4291-8A03-3B376E66F3D3}.Ad-Hoc|iPhoneSimulator.Build.0 = Release|Any CPU
		{852A0070-F2D8-4291-8A03-3B376E66F3D3}.Ad-Hoc|x64.ActiveCfg = Release|Any CPU
		{852A0070-F2D8-4291-8A03-3B376E66F3D3}.Ad-Hoc|x64.Build.0 = Release|Any CPU
		{852A0070-F2D8-4291-8A03-3B376E66F3D3}.Ad-Hoc|x86.ActiveCfg = Release|Any CPU
		{852A0070-F2D8-4291-8A03-3B376E66F3D3}.Ad-Hoc|x86.Build.0 = Release|Any CPU
		{852A0070-F2D8-4291-8A03-3B376E66F3D3}.AppStore|Any CPU.ActiveCfg = Release|Any CPU
		{852A0070-F2D8-4291-8A03-3B376E66F3D3}.AppStore|Any CPU.Build.0 = Release|Any CPU
		{852A0070-F2D8-4291-8A03-3B376E66F3D3}.AppStore|ARM.ActiveCfg = Release|Any CPU
		{852A0070-F2D8-4291-8A03-3B376E66F3D3}.AppStore|ARM.Build.0 = Release|Any CPU
		{852A0070-F2D8-4291-8A03-3B376E66F3D3}.AppStore|iPhone.ActiveCfg = Release|Any CPU
		{852A0070-F2D8-4291-8A03-3B376E66F3D3}.AppStore|iPhone.Build.0 = Release|Any CPU
		{852A0070-F2D8-4291-8A03-3B376E66F3D3}.AppStore|iPhoneSimulator.ActiveCfg = Release|Any CPU
		{852A0070-F2D8-4291-8A03-3B376E66F3D3}.AppStore|iPhoneSimulator.Build.0 = Release|Any CPU
		{852A0070-F2D8-4291-8A03-3B376E66F3D3}.AppStore|x64.ActiveCfg = Release|Any CPU
		{852A0070-F2D8-4291-8A03-3B376E66F3D3}.AppStore|x64.Build.0 = Release|Any CPU
		{852A0070-F2D8-4291-8A03-3B376E66F3D3}.AppStore|x86.ActiveCfg = Release|Any CPU
		{852A0070-F2D8-4291-8A03-3B376E66F3D3}.AppStore|x86.Build.0 = Release|Any CPU
		{852A0070-F2D8-4291-8A03-3B376E66F3D3}.Debug|Any CPU.ActiveCfg = Debug|Any CPU
		{852A0070-F2D8-4291-8A03-3B376E66F3D3}.Debug|Any CPU.Build.0 = Debug|Any CPU
		{852A0070-F2D8-4291-8A03-3B376E66F3D3}.Debug|ARM.ActiveCfg = Debug|Any CPU
		{852A0070-F2D8-4291-8A03-3B376E66F3D3}.Debug|ARM.Build.0 = Debug|Any CPU
		{852A0070-F2D8-4291-8A03-3B376E66F3D3}.Debug|iPhone.ActiveCfg = Debug|Any CPU
		{852A0070-F2D8-4291-8A03-3B376E66F3D3}.Debug|iPhone.Build.0 = Debug|Any CPU
		{852A0070-F2D8-4291-8A03-3B376E66F3D3}.Debug|iPhoneSimulator.ActiveCfg = Debug|Any CPU
		{852A0070-F2D8-4291-8A03-3B376E66F3D3}.Debug|iPhoneSimulator.Build.0 = Debug|Any CPU
		{852A0070-F2D8-4291-8A03-3B376E66F3D3}.Debug|x64.ActiveCfg = Debug|Any CPU
		{852A0070-F2D8-4291-8A03-3B376E66F3D3}.Debug|x64.Build.0 = Debug|Any CPU
		{852A0070-F2D8-4291-8A03-3B376E66F3D3}.Debug|x86.ActiveCfg = Debug|Any CPU
		{852A0070-F2D8-4291-8A03-3B376E66F3D3}.Debug|x86.Build.0 = Debug|Any CPU
		{852A0070-F2D8-4291-8A03-3B376E66F3D3}.Release|Any CPU.ActiveCfg = Release|Any CPU
		{852A0070-F2D8-4291-8A03-3B376E66F3D3}.Release|Any CPU.Build.0 = Release|Any CPU
		{852A0070-F2D8-4291-8A03-3B376E66F3D3}.Release|ARM.ActiveCfg = Release|Any CPU
		{852A0070-F2D8-4291-8A03-3B376E66F3D3}.Release|ARM.Build.0 = Release|Any CPU
		{852A0070-F2D8-4291-8A03-3B376E66F3D3}.Release|iPhone.ActiveCfg = Release|Any CPU
		{852A0070-F2D8-4291-8A03-3B376E66F3D3}.Release|iPhone.Build.0 = Release|Any CPU
		{852A0070-F2D8-4291-8A03-3B376E66F3D3}.Release|iPhoneSimulator.ActiveCfg = Release|Any CPU
		{852A0070-F2D8-4291-8A03-3B376E66F3D3}.Release|iPhoneSimulator.Build.0 = Release|Any CPU
		{852A0070-F2D8-4291-8A03-3B376E66F3D3}.Release|x64.ActiveCfg = Release|Any CPU
		{852A0070-F2D8-4291-8A03-3B376E66F3D3}.Release|x64.Build.0 = Release|Any CPU
		{852A0070-F2D8-4291-8A03-3B376E66F3D3}.Release|x86.ActiveCfg = Release|Any CPU
		{852A0070-F2D8-4291-8A03-3B376E66F3D3}.Release|x86.Build.0 = Release|Any CPU
		{044E8813-FF34-4F35-9C5A-91A35EC2D6E7}.Ad-Hoc|Any CPU.ActiveCfg = Release|x86
		{044E8813-FF34-4F35-9C5A-91A35EC2D6E7}.Ad-Hoc|Any CPU.Build.0 = Release|x86
		{044E8813-FF34-4F35-9C5A-91A35EC2D6E7}.Ad-Hoc|Any CPU.Deploy.0 = Release|x86
		{044E8813-FF34-4F35-9C5A-91A35EC2D6E7}.Ad-Hoc|ARM.ActiveCfg = Release|ARM
		{044E8813-FF34-4F35-9C5A-91A35EC2D6E7}.Ad-Hoc|ARM.Build.0 = Release|ARM
		{044E8813-FF34-4F35-9C5A-91A35EC2D6E7}.Ad-Hoc|ARM.Deploy.0 = Release|ARM
		{044E8813-FF34-4F35-9C5A-91A35EC2D6E7}.Ad-Hoc|iPhone.ActiveCfg = Release|x86
		{044E8813-FF34-4F35-9C5A-91A35EC2D6E7}.Ad-Hoc|iPhone.Build.0 = Release|x86
		{044E8813-FF34-4F35-9C5A-91A35EC2D6E7}.Ad-Hoc|iPhone.Deploy.0 = Release|x86
		{044E8813-FF34-4F35-9C5A-91A35EC2D6E7}.Ad-Hoc|iPhoneSimulator.ActiveCfg = Release|x86
		{044E8813-FF34-4F35-9C5A-91A35EC2D6E7}.Ad-Hoc|iPhoneSimulator.Build.0 = Release|x86
		{044E8813-FF34-4F35-9C5A-91A35EC2D6E7}.Ad-Hoc|iPhoneSimulator.Deploy.0 = Release|x86
		{044E8813-FF34-4F35-9C5A-91A35EC2D6E7}.Ad-Hoc|x64.ActiveCfg = Release|x64
		{044E8813-FF34-4F35-9C5A-91A35EC2D6E7}.Ad-Hoc|x64.Build.0 = Release|x64
		{044E8813-FF34-4F35-9C5A-91A35EC2D6E7}.Ad-Hoc|x64.Deploy.0 = Release|x64
		{044E8813-FF34-4F35-9C5A-91A35EC2D6E7}.Ad-Hoc|x86.ActiveCfg = Release|x86
		{044E8813-FF34-4F35-9C5A-91A35EC2D6E7}.Ad-Hoc|x86.Build.0 = Release|x86
		{044E8813-FF34-4F35-9C5A-91A35EC2D6E7}.Ad-Hoc|x86.Deploy.0 = Release|x86
		{044E8813-FF34-4F35-9C5A-91A35EC2D6E7}.AppStore|Any CPU.ActiveCfg = Release|x86
		{044E8813-FF34-4F35-9C5A-91A35EC2D6E7}.AppStore|Any CPU.Build.0 = Release|x86
		{044E8813-FF34-4F35-9C5A-91A35EC2D6E7}.AppStore|Any CPU.Deploy.0 = Release|x86
		{044E8813-FF34-4F35-9C5A-91A35EC2D6E7}.AppStore|ARM.ActiveCfg = Release|ARM
		{044E8813-FF34-4F35-9C5A-91A35EC2D6E7}.AppStore|ARM.Build.0 = Release|ARM
		{044E8813-FF34-4F35-9C5A-91A35EC2D6E7}.AppStore|ARM.Deploy.0 = Release|ARM
		{044E8813-FF34-4F35-9C5A-91A35EC2D6E7}.AppStore|iPhone.ActiveCfg = Release|x86
		{044E8813-FF34-4F35-9C5A-91A35EC2D6E7}.AppStore|iPhone.Build.0 = Release|x86
		{044E8813-FF34-4F35-9C5A-91A35EC2D6E7}.AppStore|iPhone.Deploy.0 = Release|x86
		{044E8813-FF34-4F35-9C5A-91A35EC2D6E7}.AppStore|iPhoneSimulator.ActiveCfg = Release|x86
		{044E8813-FF34-4F35-9C5A-91A35EC2D6E7}.AppStore|iPhoneSimulator.Build.0 = Release|x86
		{044E8813-FF34-4F35-9C5A-91A35EC2D6E7}.AppStore|iPhoneSimulator.Deploy.0 = Release|x86
		{044E8813-FF34-4F35-9C5A-91A35EC2D6E7}.AppStore|x64.ActiveCfg = Release|x64
		{044E8813-FF34-4F35-9C5A-91A35EC2D6E7}.AppStore|x64.Build.0 = Release|x64
		{044E8813-FF34-4F35-9C5A-91A35EC2D6E7}.AppStore|x64.Deploy.0 = Release|x64
		{044E8813-FF34-4F35-9C5A-91A35EC2D6E7}.AppStore|x86.ActiveCfg = Release|x86
		{044E8813-FF34-4F35-9C5A-91A35EC2D6E7}.AppStore|x86.Build.0 = Release|x86
		{044E8813-FF34-4F35-9C5A-91A35EC2D6E7}.AppStore|x86.Deploy.0 = Release|x86
		{044E8813-FF34-4F35-9C5A-91A35EC2D6E7}.Debug|Any CPU.ActiveCfg = Debug|x86
		{044E8813-FF34-4F35-9C5A-91A35EC2D6E7}.Debug|ARM.ActiveCfg = Debug|ARM
		{044E8813-FF34-4F35-9C5A-91A35EC2D6E7}.Debug|ARM.Build.0 = Debug|ARM
		{044E8813-FF34-4F35-9C5A-91A35EC2D6E7}.Debug|ARM.Deploy.0 = Debug|ARM
		{044E8813-FF34-4F35-9C5A-91A35EC2D6E7}.Debug|iPhone.ActiveCfg = Debug|x86
		{044E8813-FF34-4F35-9C5A-91A35EC2D6E7}.Debug|iPhoneSimulator.ActiveCfg = Debug|x86
		{044E8813-FF34-4F35-9C5A-91A35EC2D6E7}.Debug|x64.ActiveCfg = Debug|x64
		{044E8813-FF34-4F35-9C5A-91A35EC2D6E7}.Debug|x64.Build.0 = Debug|x64
		{044E8813-FF34-4F35-9C5A-91A35EC2D6E7}.Debug|x64.Deploy.0 = Debug|x64
		{044E8813-FF34-4F35-9C5A-91A35EC2D6E7}.Debug|x86.ActiveCfg = Debug|x86
		{044E8813-FF34-4F35-9C5A-91A35EC2D6E7}.Debug|x86.Build.0 = Debug|x86
		{044E8813-FF34-4F35-9C5A-91A35EC2D6E7}.Debug|x86.Deploy.0 = Debug|x86
		{044E8813-FF34-4F35-9C5A-91A35EC2D6E7}.Release|Any CPU.ActiveCfg = Release|x86
		{044E8813-FF34-4F35-9C5A-91A35EC2D6E7}.Release|ARM.ActiveCfg = Release|ARM
		{044E8813-FF34-4F35-9C5A-91A35EC2D6E7}.Release|ARM.Build.0 = Release|ARM
		{044E8813-FF34-4F35-9C5A-91A35EC2D6E7}.Release|ARM.Deploy.0 = Release|ARM
		{044E8813-FF34-4F35-9C5A-91A35EC2D6E7}.Release|iPhone.ActiveCfg = Release|x86
		{044E8813-FF34-4F35-9C5A-91A35EC2D6E7}.Release|iPhoneSimulator.ActiveCfg = Release|x86
		{044E8813-FF34-4F35-9C5A-91A35EC2D6E7}.Release|x64.ActiveCfg = Release|x64
		{044E8813-FF34-4F35-9C5A-91A35EC2D6E7}.Release|x64.Build.0 = Release|x64
		{044E8813-FF34-4F35-9C5A-91A35EC2D6E7}.Release|x64.Deploy.0 = Release|x64
		{044E8813-FF34-4F35-9C5A-91A35EC2D6E7}.Release|x86.ActiveCfg = Release|x86
		{044E8813-FF34-4F35-9C5A-91A35EC2D6E7}.Release|x86.Build.0 = Release|x86
		{044E8813-FF34-4F35-9C5A-91A35EC2D6E7}.Release|x86.Deploy.0 = Release|x86
		{464C9E47-2FAC-4C64-90CC-94325732B2D8}.Ad-Hoc|Any CPU.ActiveCfg = Ad-Hoc|iPhoneSimulator
		{464C9E47-2FAC-4C64-90CC-94325732B2D8}.Ad-Hoc|ARM.ActiveCfg = Ad-Hoc|iPhone
		{464C9E47-2FAC-4C64-90CC-94325732B2D8}.Ad-Hoc|iPhone.ActiveCfg = Ad-Hoc|iPhone
		{464C9E47-2FAC-4C64-90CC-94325732B2D8}.Ad-Hoc|iPhone.Build.0 = Ad-Hoc|iPhone
		{464C9E47-2FAC-4C64-90CC-94325732B2D8}.Ad-Hoc|iPhoneSimulator.ActiveCfg = Ad-Hoc|iPhoneSimulator
		{464C9E47-2FAC-4C64-90CC-94325732B2D8}.Ad-Hoc|iPhoneSimulator.Build.0 = Ad-Hoc|iPhoneSimulator
		{464C9E47-2FAC-4C64-90CC-94325732B2D8}.Ad-Hoc|x64.ActiveCfg = Ad-Hoc|iPhone
		{464C9E47-2FAC-4C64-90CC-94325732B2D8}.Ad-Hoc|x86.ActiveCfg = Ad-Hoc|iPhone
		{464C9E47-2FAC-4C64-90CC-94325732B2D8}.AppStore|Any CPU.ActiveCfg = AppStore|iPhoneSimulator
		{464C9E47-2FAC-4C64-90CC-94325732B2D8}.AppStore|ARM.ActiveCfg = AppStore|iPhone
		{464C9E47-2FAC-4C64-90CC-94325732B2D8}.AppStore|iPhone.ActiveCfg = AppStore|iPhone
		{464C9E47-2FAC-4C64-90CC-94325732B2D8}.AppStore|iPhone.Build.0 = AppStore|iPhone
		{464C9E47-2FAC-4C64-90CC-94325732B2D8}.AppStore|iPhoneSimulator.ActiveCfg = AppStore|iPhoneSimulator
		{464C9E47-2FAC-4C64-90CC-94325732B2D8}.AppStore|iPhoneSimulator.Build.0 = AppStore|iPhoneSimulator
		{464C9E47-2FAC-4C64-90CC-94325732B2D8}.AppStore|x64.ActiveCfg = AppStore|iPhone
		{464C9E47-2FAC-4C64-90CC-94325732B2D8}.AppStore|x86.ActiveCfg = AppStore|iPhone
		{464C9E47-2FAC-4C64-90CC-94325732B2D8}.Debug|Any CPU.ActiveCfg = Debug|iPhoneSimulator
		{464C9E47-2FAC-4C64-90CC-94325732B2D8}.Debug|ARM.ActiveCfg = Debug|iPhone
		{464C9E47-2FAC-4C64-90CC-94325732B2D8}.Debug|iPhone.ActiveCfg = Debug|iPhone
		{464C9E47-2FAC-4C64-90CC-94325732B2D8}.Debug|iPhone.Build.0 = Debug|iPhone
		{464C9E47-2FAC-4C64-90CC-94325732B2D8}.Debug|iPhoneSimulator.ActiveCfg = Debug|iPhoneSimulator
		{464C9E47-2FAC-4C64-90CC-94325732B2D8}.Debug|iPhoneSimulator.Build.0 = Debug|iPhoneSimulator
		{464C9E47-2FAC-4C64-90CC-94325732B2D8}.Debug|x64.ActiveCfg = Debug|iPhone
		{464C9E47-2FAC-4C64-90CC-94325732B2D8}.Debug|x86.ActiveCfg = Debug|iPhone
		{464C9E47-2FAC-4C64-90CC-94325732B2D8}.Release|Any CPU.ActiveCfg = Release|iPhoneSimulator
		{464C9E47-2FAC-4C64-90CC-94325732B2D8}.Release|ARM.ActiveCfg = Release|iPhone
		{464C9E47-2FAC-4C64-90CC-94325732B2D8}.Release|iPhone.ActiveCfg = Release|iPhone
		{464C9E47-2FAC-4C64-90CC-94325732B2D8}.Release|iPhone.Build.0 = Release|iPhone
		{464C9E47-2FAC-4C64-90CC-94325732B2D8}.Release|iPhoneSimulator.ActiveCfg = Release|iPhoneSimulator
		{464C9E47-2FAC-4C64-90CC-94325732B2D8}.Release|iPhoneSimulator.Build.0 = Release|iPhoneSimulator
		{464C9E47-2FAC-4C64-90CC-94325732B2D8}.Release|x64.ActiveCfg = Release|iPhone
		{464C9E47-2FAC-4C64-90CC-94325732B2D8}.Release|x86.ActiveCfg = Release|iPhone
	EndGlobalSection
	GlobalSection(SolutionProperties) = preSolution
		HideSolutionNode = FALSE
	EndGlobalSection
	GlobalSection(ExtensibilityGlobals) = postSolution
		SolutionGuid = {2790906D-AC07-4A2C-B96A-4B999A588D53}
	EndGlobalSection
EndGlobal
